
Microsoft Visual Studio Solution File, Format Version 12.00
# Visual Studio 15
VisualStudioVersion = 15.0.27703.2000
MinimumVisualStudioVersion = 10.0.40219.1
Project("{2150E333-8FDC-42A3-9474-1A3956D46DE8}") = "00 Solution Info", "00 Solution Info", "{37C32358-E4BE-45B8-84DF-BFA7A0224F24}"
EndProject
Project("{2150E333-8FDC-42A3-9474-1A3956D46DE8}") = "02 Service", "02 Service", "{62FCDB78-D726-4E9A-810E-37C12660394C}"
EndProject
Project("{2150E333-8FDC-42A3-9474-1A3956D46DE8}") = "01 Core", "01 Core", "{6C0A0B94-CA6A-4A4D-8C61-DD5DDD927483}"
EndProject
Project("{2150E333-8FDC-42A3-9474-1A3956D46DE8}") = "02 Contracts", "02 Contracts", "{A38071E6-298B-48EB-9EB6-392AA0D0F412}"
EndProject
Project("{2150E333-8FDC-42A3-9474-1A3956D46DE8}") = "03 Business Services", "03 Business Services", "{4A858436-C21A-413D-ADBE-3F2F44095680}"
EndProject
Project("{2150E333-8FDC-42A3-9474-1A3956D46DE8}") = "01 Domain Entities", "01 Domain Entities", "{5FF764F9-E9B9-4106-9E97-DF5FF45F1A73}"
EndProject
Project("{2150E333-8FDC-42A3-9474-1A3956D46DE8}") = "02 Infrastructure", "02 Infrastructure", "{F4DCB802-D0AC-4500-8781-8B860F62B5B0}"
EndProject
Project("{2150E333-8FDC-42A3-9474-1A3956D46DE8}") = "03 Shell", "03 Shell", "{D6FD0F5F-1E41-410E-92D5-CC1466E481A3}"
EndProject
Project("{2150E333-8FDC-42A3-9474-1A3956D46DE8}") = "01 Solution Shared Libraries", "01 Solution Shared Libraries", "{AFC0356E-5263-42F7-871F-8970C5F9840A}"
EndProject
Project("{2150E333-8FDC-42A3-9474-1A3956D46DE8}") = "01 DAL", "01 DAL", "{349A62A1-6A5C-4A67-99EA-E841D3EDE720}"
EndProject
Project("{2150E333-8FDC-42A3-9474-1A3956D46DE8}") = "01 Dependency Injection", "01 Dependency Injection", "{FDF971C0-542D-44F8-A29D-6842263C3FE3}"
EndProject
Project("{2150E333-8FDC-42A3-9474-1A3956D46DE8}") = "02 API", "02 API", "{4BAD8A63-7D9E-4758-A4D8-619C69EFB3B1}"
EndProject
Project("{2150E333-8FDC-42A3-9474-1A3956D46DE8}") = "01 Models", "01 Models", "{B06511CF-F1CE-4313-A338-64FC89DADBEA}"
EndProject
Project("{2150E333-8FDC-42A3-9474-1A3956D46DE8}") = "02 Data", "02 Data", "{D537FC59-C0C7-48F4-95B6-7E831FEAB0AB}"
EndProject
Project("{9A19103F-16F7-4668-BE54-9A1E7A4F7556}") = "Puzzle.Domain", "Sources\Service\Puzzle.Domain\Puzzle.Domain.csproj", "{817ABEE9-BE8A-4573-A81F-692D2F018AED}"
EndProject
Project("{9A19103F-16F7-4668-BE54-9A1E7A4F7556}") = "Puzzle.BL.Contracts", "Sources\Service\Puzzle.BL.Contracts\Puzzle.BL.Contracts.csproj", "{3989CF4C-79AE-43AB-AD34-49DDC0247A5D}"
EndProject
Project("{9A19103F-16F7-4668-BE54-9A1E7A4F7556}") = "Puzzle.Data.Contracts", "Sources\Service\Puzzle.Data.Contracts\Puzzle.Data.Contracts.csproj", "{220AB490-256C-4491-8A0E-6365FD05F47D}"
EndProject
Project("{9A19103F-16F7-4668-BE54-9A1E7A4F7556}") = "dF.Commons.Services.BL.Contracts", "Sources\Commons\dF.Commons.Services.BL.Contracts\dF.Commons.Services.BL.Contracts.csproj", "{67E3F515-8B10-4E55-87EC-0FFC0EBB3175}"
EndProject
Project("{9A19103F-16F7-4668-BE54-9A1E7A4F7556}") = "dF.Commons.Models", "Sources\Commons\dF.Commons.Models\dF.Commons.Models.csproj", "{BBA0AC41-5994-4878-BA27-361511DC9BDC}"
EndProject
Project("{9A19103F-16F7-4668-BE54-9A1E7A4F7556}") = "dF.Commons.Services.Data.Contracts", "Sources\Commons\dF.Commons.Services.Data.Contracts\dF.Commons.Services.Data.Contracts.csproj", "{330F8749-09B5-46C4-ACDA-A58EC1E2C775}"
EndProject
Project("{9A19103F-16F7-4668-BE54-9A1E7A4F7556}") = "Puzzle.BL", "Sources\Service\Puzzle.BL\Puzzle.BL.csproj", "{A030C197-CD8A-4BD5-8887-28D43FFE30ED}"
EndProject
Project("{9A19103F-16F7-4668-BE54-9A1E7A4F7556}") = "dF.Commons.Services.BL", "Sources\Commons\dF.Commons.Services.BL\dF.Commons.Services.BL.csproj", "{E911E042-1F74-484F-A38C-CA4BAB39DDF8}"
EndProject
Project("{9A19103F-16F7-4668-BE54-9A1E7A4F7556}") = "dF.Commons.Security", "Sources\Commons\dF.Commons.Security\dF.Commons.Security.csproj", "{422CEB6E-F5F4-42DA-8AED-B07B13A6DD9B}"
EndProject
Project("{9A19103F-16F7-4668-BE54-9A1E7A4F7556}") = "dF.Commons", "Sources\Commons\dF.Commons\dF.Commons.csproj", "{2A9D390A-72CC-4913-B228-88752E51CCE7}"
EndProject
Project("{9A19103F-16F7-4668-BE54-9A1E7A4F7556}") = "dF.Commons.Core", "Sources\Commons\dF.Commons.Core\dF.Commons.Core.csproj", "{C699815D-36EC-4D50-B935-526401F76E26}"
EndProject
Project("{2150E333-8FDC-42A3-9474-1A3956D46DE8}") = "Core", "Core", "{92F0E21F-2C19-4FAC-9CDF-0ADB6E777E89}"
EndProject
Project("{2150E333-8FDC-42A3-9474-1A3956D46DE8}") = "Infrastructure", "Infrastructure", "{9A772D07-8728-4220-B083-FEAFF048E50F}"
EndProject
Project("{9A19103F-16F7-4668-BE54-9A1E7A4F7556}") = "dF.Commons.Services.Data.InMemory", "Sources\Commons\dF.Commons.Services.Data.InMemory\dF.Commons.Services.Data.InMemory.csproj", "{4E19B3DE-2B24-45DF-AF21-B08A84607E29}"
EndProject
Project("{9A19103F-16F7-4668-BE54-9A1E7A4F7556}") = "Puzzle.IoC", "Sources\Service\Puzzle.IoC\Puzzle.IoC.csproj", "{8D3634F7-C2A7-4B0B-87EE-91B9B794E161}"
EndProject
Project("{9A19103F-16F7-4668-BE54-9A1E7A4F7556}") = "Puzzle.Models.InMemory", "Sources\Service\Puzzle.Models.InMemory\Puzzle.Models.InMemory.csproj", "{981C7575-B48A-497F-B109-6DD90FE7FA18}"
EndProject
Project("{9A19103F-16F7-4668-BE54-9A1E7A4F7556}") = "Puzzle.Data.InMemory", "Sources\Service\Puzzle.Data.InMemory\Puzzle.Data.InMemory.csproj", "{C379FF19-739B-4174-A559-B5D738474794}"
EndProject
Project("{FAE04EC0-301F-11D3-BF4B-00C04F79EFBC}") = "Puzzle.API", "Sources\Service\Puzzle.API\Puzzle.API.csproj", "{B147A131-89FA-4DA7-BFDC-3D6FF673817A}"
EndProject
Project("{FAE04EC0-301F-11D3-BF4B-00C04F79EFBC}") = "dF.Commons.HATEOAS", "Sources\Commons\dF.Commons.HATEOAS\dF.Commons.HATEOAS.csproj", "{7CACC454-1133-45EA-B03D-DE2B4A919B69}"
EndProject
Global
	GlobalSection(SolutionConfigurationPlatforms) = preSolution
		Debug|Any CPU = Debug|Any CPU
		Release|Any CPU = Release|Any CPU
	EndGlobalSection
	GlobalSection(ProjectConfigurationPlatforms) = postSolution
		{817ABEE9-BE8A-4573-A81F-692D2F018AED}.Debug|Any CPU.ActiveCfg = Debug|Any CPU
		{817ABEE9-BE8A-4573-A81F-692D2F018AED}.Debug|Any CPU.Build.0 = Debug|Any CPU
		{817ABEE9-BE8A-4573-A81F-692D2F018AED}.Release|Any CPU.ActiveCfg = Release|Any CPU
		{817ABEE9-BE8A-4573-A81F-692D2F018AED}.Release|Any CPU.Build.0 = Release|Any CPU
		{3989CF4C-79AE-43AB-AD34-49DDC0247A5D}.Debug|Any CPU.ActiveCfg = Debug|Any CPU
		{3989CF4C-79AE-43AB-AD34-49DDC0247A5D}.Debug|Any CPU.Build.0 = Debug|Any CPU
		{3989CF4C-79AE-43AB-AD34-49DDC0247A5D}.Release|Any CPU.ActiveCfg = Release|Any CPU
		{3989CF4C-79AE-43AB-AD34-49DDC0247A5D}.Release|Any CPU.Build.0 = Release|Any CPU
		{220AB490-256C-4491-8A0E-6365FD05F47D}.Debug|Any CPU.ActiveCfg = Debug|Any CPU
		{220AB490-256C-4491-8A0E-6365FD05F47D}.Debug|Any CPU.Build.0 = Debug|Any CPU
		{220AB490-256C-4491-8A0E-6365FD05F47D}.Release|Any CPU.ActiveCfg = Release|Any CPU
		{220AB490-256C-4491-8A0E-6365FD05F47D}.Release|Any CPU.Build.0 = Release|Any CPU
		{67E3F515-8B10-4E55-87EC-0FFC0EBB3175}.Debug|Any CPU.ActiveCfg = Debug|Any CPU
		{67E3F515-8B10-4E55-87EC-0FFC0EBB3175}.Debug|Any CPU.Build.0 = Debug|Any CPU
		{67E3F515-8B10-4E55-87EC-0FFC0EBB3175}.Release|Any CPU.ActiveCfg = Release|Any CPU
		{67E3F515-8B10-4E55-87EC-0FFC0EBB3175}.Release|Any CPU.Build.0 = Release|Any CPU
		{BBA0AC41-5994-4878-BA27-361511DC9BDC}.Debug|Any CPU.ActiveCfg = Debug|Any CPU
		{BBA0AC41-5994-4878-BA27-361511DC9BDC}.Debug|Any CPU.Build.0 = Debug|Any CPU
		{BBA0AC41-5994-4878-BA27-361511DC9BDC}.Release|Any CPU.ActiveCfg = Release|Any CPU
		{BBA0AC41-5994-4878-BA27-361511DC9BDC}.Release|Any CPU.Build.0 = Release|Any CPU
		{330F8749-09B5-46C4-ACDA-A58EC1E2C775}.Debug|Any CPU.ActiveCfg = Debug|Any CPU
		{330F8749-09B5-46C4-ACDA-A58EC1E2C775}.Debug|Any CPU.Build.0 = Debug|Any CPU
		{330F8749-09B5-46C4-ACDA-A58EC1E2C775}.Release|Any CPU.ActiveCfg = Release|Any CPU
		{330F8749-09B5-46C4-ACDA-A58EC1E2C775}.Release|Any CPU.Build.0 = Release|Any CPU
		{A030C197-CD8A-4BD5-8887-28D43FFE30ED}.Debug|Any CPU.ActiveCfg = Debug|Any CPU
		{A030C197-CD8A-4BD5-8887-28D43FFE30ED}.Debug|Any CPU.Build.0 = Debug|Any CPU
		{A030C197-CD8A-4BD5-8887-28D43FFE30ED}.Release|Any CPU.ActiveCfg = Release|Any CPU
		{A030C197-CD8A-4BD5-8887-28D43FFE30ED}.Release|Any CPU.Build.0 = Release|Any CPU
		{E911E042-1F74-484F-A38C-CA4BAB39DDF8}.Debug|Any CPU.ActiveCfg = Debug|Any CPU
		{E911E042-1F74-484F-A38C-CA4BAB39DDF8}.Debug|Any CPU.Build.0 = Debug|Any CPU
		{E911E042-1F74-484F-A38C-CA4BAB39DDF8}.Release|Any CPU.ActiveCfg = Release|Any CPU
		{E911E042-1F74-484F-A38C-CA4BAB39DDF8}.Release|Any CPU.Build.0 = Release|Any CPU
		{422CEB6E-F5F4-42DA-8AED-B07B13A6DD9B}.Debug|Any CPU.ActiveCfg = Debug|Any CPU
		{422CEB6E-F5F4-42DA-8AED-B07B13A6DD9B}.Debug|Any CPU.Build.0 = Debug|Any CPU
		{422CEB6E-F5F4-42DA-8AED-B07B13A6DD9B}.Release|Any CPU.ActiveCfg = Release|Any CPU
		{422CEB6E-F5F4-42DA-8AED-B07B13A6DD9B}.Release|Any CPU.Build.0 = Release|Any CPU
		{2A9D390A-72CC-4913-B228-88752E51CCE7}.Debug|Any CPU.ActiveCfg = Debug|Any CPU
		{2A9D390A-72CC-4913-B228-88752E51CCE7}.Debug|Any CPU.Build.0 = Debug|Any CPU
		{2A9D390A-72CC-4913-B228-88752E51CCE7}.Release|Any CPU.ActiveCfg = Release|Any CPU
		{2A9D390A-72CC-4913-B228-88752E51CCE7}.Release|Any CPU.Build.0 = Release|Any CPU
		{C699815D-36EC-4D50-B935-526401F76E26}.Debug|Any CPU.ActiveCfg = Debug|Any CPU
		{C699815D-36EC-4D50-B935-526401F76E26}.Debug|Any CPU.Build.0 = Debug|Any CPU
		{C699815D-36EC-4D50-B935-526401F76E26}.Release|Any CPU.ActiveCfg = Release|Any CPU
		{C699815D-36EC-4D50-B935-526401F76E26}.Release|Any CPU.Build.0 = Release|Any CPU
		{4E19B3DE-2B24-45DF-AF21-B08A84607E29}.Debug|Any CPU.ActiveCfg = Debug|Any CPU
		{4E19B3DE-2B24-45DF-AF21-B08A84607E29}.Debug|Any CPU.Build.0 = Debug|Any CPU
		{4E19B3DE-2B24-45DF-AF21-B08A84607E29}.Release|Any CPU.ActiveCfg = Release|Any CPU
		{4E19B3DE-2B24-45DF-AF21-B08A84607E29}.Release|Any CPU.Build.0 = Release|Any CPU
		{8D3634F7-C2A7-4B0B-87EE-91B9B794E161}.Debug|Any CPU.ActiveCfg = Debug|Any CPU
		{8D3634F7-C2A7-4B0B-87EE-91B9B794E161}.Debug|Any CPU.Build.0 = Debug|Any CPU
		{8D3634F7-C2A7-4B0B-87EE-91B9B794E161}.Release|Any CPU.ActiveCfg = Release|Any CPU
		{8D3634F7-C2A7-4B0B-87EE-91B9B794E161}.Release|Any CPU.Build.0 = Release|Any CPU
		{981C7575-B48A-497F-B109-6DD90FE7FA18}.Debug|Any CPU.ActiveCfg = Debug|Any CPU
		{981C7575-B48A-497F-B109-6DD90FE7FA18}.Debug|Any CPU.Build.0 = Debug|Any CPU
		{981C7575-B48A-497F-B109-6DD90FE7FA18}.Release|Any CPU.ActiveCfg = Release|Any CPU
		{981C7575-B48A-497F-B109-6DD90FE7FA18}.Release|Any CPU.Build.0 = Release|Any CPU
		{C379FF19-739B-4174-A559-B5D738474794}.Debug|Any CPU.ActiveCfg = Debug|Any CPU
		{C379FF19-739B-4174-A559-B5D738474794}.Debug|Any CPU.Build.0 = Debug|Any CPU
		{C379FF19-739B-4174-A559-B5D738474794}.Release|Any CPU.ActiveCfg = Release|Any CPU
		{C379FF19-739B-4174-A559-B5D738474794}.Release|Any CPU.Build.0 = Release|Any CPU
		{B147A131-89FA-4DA7-BFDC-3D6FF673817A}.Debug|Any CPU.ActiveCfg = Debug|Any CPU
		{B147A131-89FA-4DA7-BFDC-3D6FF673817A}.Debug|Any CPU.Build.0 = Debug|Any CPU
		{B147A131-89FA-4DA7-BFDC-3D6FF673817A}.Release|Any CPU.ActiveCfg = Release|Any CPU
		{B147A131-89FA-4DA7-BFDC-3D6FF673817A}.Release|Any CPU.Build.0 = Release|Any CPU
		{7CACC454-1133-45EA-B03D-DE2B4A919B69}.Debug|Any CPU.ActiveCfg = Debug|Any CPU
		{7CACC454-1133-45EA-B03D-DE2B4A919B69}.Debug|Any CPU.Build.0 = Debug|Any CPU
		{7CACC454-1133-45EA-B03D-DE2B4A919B69}.Release|Any CPU.ActiveCfg = Release|Any CPU
		{7CACC454-1133-45EA-B03D-DE2B4A919B69}.Release|Any CPU.Build.0 = Release|Any CPU
	EndGlobalSection
	GlobalSection(SolutionProperties) = preSolution
		HideSolutionNode = FALSE
	EndGlobalSection
	GlobalSection(NestedProjects) = preSolution
		{6C0A0B94-CA6A-4A4D-8C61-DD5DDD927483} = {62FCDB78-D726-4E9A-810E-37C12660394C}
		{A38071E6-298B-48EB-9EB6-392AA0D0F412} = {6C0A0B94-CA6A-4A4D-8C61-DD5DDD927483}
		{4A858436-C21A-413D-ADBE-3F2F44095680} = {6C0A0B94-CA6A-4A4D-8C61-DD5DDD927483}
		{5FF764F9-E9B9-4106-9E97-DF5FF45F1A73} = {6C0A0B94-CA6A-4A4D-8C61-DD5DDD927483}
		{F4DCB802-D0AC-4500-8781-8B860F62B5B0} = {62FCDB78-D726-4E9A-810E-37C12660394C}
		{D6FD0F5F-1E41-410E-92D5-CC1466E481A3} = {62FCDB78-D726-4E9A-810E-37C12660394C}
		{349A62A1-6A5C-4A67-99EA-E841D3EDE720} = {F4DCB802-D0AC-4500-8781-8B860F62B5B0}
		{FDF971C0-542D-44F8-A29D-6842263C3FE3} = {D6FD0F5F-1E41-410E-92D5-CC1466E481A3}
		{4BAD8A63-7D9E-4758-A4D8-619C69EFB3B1} = {D6FD0F5F-1E41-410E-92D5-CC1466E481A3}
		{B06511CF-F1CE-4313-A338-64FC89DADBEA} = {349A62A1-6A5C-4A67-99EA-E841D3EDE720}
		{D537FC59-C0C7-48F4-95B6-7E831FEAB0AB} = {349A62A1-6A5C-4A67-99EA-E841D3EDE720}
		{817ABEE9-BE8A-4573-A81F-692D2F018AED} = {5FF764F9-E9B9-4106-9E97-DF5FF45F1A73}
		{3989CF4C-79AE-43AB-AD34-49DDC0247A5D} = {A38071E6-298B-48EB-9EB6-392AA0D0F412}
		{220AB490-256C-4491-8A0E-6365FD05F47D} = {A38071E6-298B-48EB-9EB6-392AA0D0F412}
		{67E3F515-8B10-4E55-87EC-0FFC0EBB3175} = {92F0E21F-2C19-4FAC-9CDF-0ADB6E777E89}
		{BBA0AC41-5994-4878-BA27-361511DC9BDC} = {92F0E21F-2C19-4FAC-9CDF-0ADB6E777E89}
		{330F8749-09B5-46C4-ACDA-A58EC1E2C775} = {92F0E21F-2C19-4FAC-9CDF-0ADB6E777E89}
		{A030C197-CD8A-4BD5-8887-28D43FFE30ED} = {4A858436-C21A-413D-ADBE-3F2F44095680}
		{E911E042-1F74-484F-A38C-CA4BAB39DDF8} = {92F0E21F-2C19-4FAC-9CDF-0ADB6E777E89}
		{422CEB6E-F5F4-42DA-8AED-B07B13A6DD9B} = {92F0E21F-2C19-4FAC-9CDF-0ADB6E777E89}
		{2A9D390A-72CC-4913-B228-88752E51CCE7} = {92F0E21F-2C19-4FAC-9CDF-0ADB6E777E89}
		{C699815D-36EC-4D50-B935-526401F76E26} = {92F0E21F-2C19-4FAC-9CDF-0ADB6E777E89}
		{92F0E21F-2C19-4FAC-9CDF-0ADB6E777E89} = {AFC0356E-5263-42F7-871F-8970C5F9840A}
		{9A772D07-8728-4220-B083-FEAFF048E50F} = {AFC0356E-5263-42F7-871F-8970C5F9840A}
		{4E19B3DE-2B24-45DF-AF21-B08A84607E29} = {9A772D07-8728-4220-B083-FEAFF048E50F}
		{8D3634F7-C2A7-4B0B-87EE-91B9B794E161} = {FDF971C0-542D-44F8-A29D-6842263C3FE3}
		{981C7575-B48A-497F-B109-6DD90FE7FA18} = {B06511CF-F1CE-4313-A338-64FC89DADBEA}
		{C379FF19-739B-4174-A559-B5D738474794} = {D537FC59-C0C7-48F4-95B6-7E831FEAB0AB}
		{B147A131-89FA-4DA7-BFDC-3D6FF673817A} = {4BAD8A63-7D9E-4758-A4D8-619C69EFB3B1}
		{7CACC454-1133-45EA-B03D-DE2B4A919B69} = {92F0E21F-2C19-4FAC-9CDF-0ADB6E777E89}
	EndGlobalSection
	GlobalSection(ExtensibilityGlobals) = postSolution
		SolutionGuid = {D102EE8E-46B6-4E84-9CD5-5482988CACFB}
	EndGlobalSection
EndGlobal
